<?xml version="1.0" encoding="utf-8"?>
<Project ToolsVersion="4.0" xmlns="http://schemas.microsoft.com/developer/msbuild/2003">
  <ItemGroup>
    <Filter Include="Source Files">
      <UniqueIdentifier>{e5d6bce0-4069-43f8-a8a9-97ec5fd9867f}</UniqueIdentifier>
      <Extensions>cpp;c;cxx;rc;def;r;odl;idl;hpj;bat</Extensions>
    </Filter>
    <Filter Include="Header Files">
      <UniqueIdentifier>{0f7d0173-1a03-4b95-a0fe-9c32079b176d}</UniqueIdentifier>
      <Extensions>h;hpp;hxx;hm;inl</Extensions>
    </Filter>
    <Filter Include="D3DCommon">
      <UniqueIdentifier>{a2616018-3c04-40b5-88ed-ab0121d15d22}</UniqueIdentifier>
    </Filter>
    <Filter Include="Resource Files">
      <UniqueIdentifier>{50c458ab-d241-4adf-8581-b9f9750b5d46}</UniqueIdentifier>
    </Filter>
  </ItemGroup>
  <ItemGroup>
    <ClCompile Include="RegHandler.cpp">
      <Filter>Source Files</Filter>
    </ClCompile>
    <ClCompile Include="StdAfx.cpp">
      <Filter>Source Files</Filter>
    </ClCompile>
    <ClCompile Include="WHDefProcess.cpp">
      <Filter>Source Files</Filter>
    </ClCompile>
    <ClCompile Include="WHDXGraphic.cpp">
      <Filter>Source Files</Filter>
    </ClCompile>
    <ClCompile Include="WHImage.cpp">
      <Filter>Source Files</Filter>
    </ClCompile>
    <ClCompile Include="WHSurface.cpp">
      <Filter>Source Files</Filter>
    </ClCompile>
    <ClCompile Include="WHWilImage.cpp">
      <Filter>Source Files</Filter>
    </ClCompile>
    <ClCompile Include="WHWilTexture.cpp">
      <Filter>Source Files</Filter>
    </ClCompile>
    <ClCompile Include="WHWindow.cpp">
      <Filter>Source Files</Filter>
    </ClCompile>
    <ClCompile Include="D3DCommon\d3dmath.cpp">
      <Filter>D3DCommon</Filter>
    </ClCompile>
    <ClCompile Include="D3DCommon\d3dtextr.cpp">
      <Filter>D3DCommon</Filter>
    </ClCompile>
    <ClCompile Include="D3DCommon\d3dutil.cpp">
      <Filter>D3DCommon</Filter>
    </ClCompile>
    <ClCompile Include="D3DCommon\ddutil.cpp">
      <Filter>D3DCommon</Filter>
    </ClCompile>
  </ItemGroup>
  <ItemGroup>
    <ClInclude Include="RegHandler.h">
      <Filter>Header Files</Filter>
    </ClInclude>
    <ClInclude Include="StdAfx.h">
      <Filter>Header Files</Filter>
    </ClInclude>
    <ClInclude Include="WHDefProcess.h">
      <Filter>Header Files</Filter>
    </ClInclude>
    <ClInclude Include="WHDXGraphic.h">
      <Filter>Header Files</Filter>
    </ClInclude>
    <ClInclude Include="WHEngine.h">
      <Filter>Header Files</Filter>
    </ClInclude>
    <ClInclude Include="WHImage.h">
      <Filter>Header Files</Filter>
    </ClInclude>
    <ClInclude Include="WHSurface.h">
      <Filter>Header Files</Filter>
    </ClInclude>
    <ClInclude Include="WHWilImage.h">
      <Filter>Header Files</Filter>
    </ClInclude>
    <ClInclude Include="WHWilTexture.h">
      <Filter>Header Files</Filter>
    </ClInclude>
    <ClInclude Include="WHWindow.h">
      <Filter>Header Files</Filter>
    </ClInclude>
    <ClInclude Include="D3DCommon\d3dmath.h">
      <Filter>D3DCommon</Filter>
    </ClInclude>
    <ClInclude Include="D3DCommon\d3dtextr.h">
      <Filter>D3DCommon</Filter>
    </ClInclude>
    <ClInclude Include="D3DCommon\d3dutil.h">
      <Filter>D3DCommon</Filter>
    </ClInclude>
    <ClInclude Include="D3DCommon\ddutil.h">
      <Filter>D3DCommon</Filter>
    </ClInclude>
  </ItemGroup>
  <ItemGroup>
    <Text Include="Readme.txt" />
  </ItemGroup>
</Project>